
Microsoft Visual Studio Solution File, Format Version 12.00
# Visual Studio Version 17
VisualStudioVersion = 17.9.34607.119
MinimumVisualStudioVersion = 10.0.40219.1
Project("{9A19103F-16F7-4668-BE54-9A1E7A4F7556}") = "ecommerce-webapp-cs", "ecommerce-webapp-cs\ecommerce-webapp-cs.csproj", "{6DDE0AB4-F2EE-42DC-987F-302E271C85B3}"
EndProject
Project("{9A19103F-16F7-4668-BE54-9A1E7A4F7556}") = "ecommerce-webapp-fe-cs", "..\ecommerce-webapp-fe-cs\ecommerce-webapp-fe-cs\ecommerce-webapp-fe-cs.csproj", "{87C54A8E-70AA-4183-A249-123EE3EA4471}"
EndProject
Global
	GlobalSection(SolutionConfigurationPlatforms) = preSolution
		Debug|Any CPU = Debug|Any CPU
		Release|Any CPU = Release|Any CPU
	EndGlobalSection
	GlobalSection(ProjectConfigurationPlatforms) = postSolution
		{6DDE0AB4-F2EE-42DC-987F-302E271C85B3}.Debug|Any CPU.ActiveCfg = Debug|Any CPU
		{6DDE0AB4-F2EE-42DC-987F-302E271C85B3}.Debug|Any CPU.Build.0 = Debug|Any CPU
		{6DDE0AB4-F2EE-42DC-987F-302E271C85B3}.Release|Any CPU.ActiveCfg = Release|Any CPU
		{6DDE0AB4-F2EE-42DC-987F-302E271C85B3}.Release|Any CPU.Build.0 = Release|Any CPU
		{87C54A8E-70AA-4183-A249-123EE3EA4471}.Debug|Any CPU.ActiveCfg = Debug|Any CPU
		{87C54A8E-70AA-4183-A249-123EE3EA4471}.Debug|Any CPU.Build.0 = Debug|Any CPU
		{87C54A8E-70AA-4183-A249-123EE3EA4471}.Release|Any CPU.ActiveCfg = Release|Any CPU
		{87C54A8E-70AA-4183-A249-123EE3EA4471}.Release|Any CPU.Build.0 = Release|Any CPU
	EndGlobalSection
	GlobalSection(SolutionProperties) = preSolution
		HideSolutionNode = FALSE
	EndGlobalSection
	GlobalSection(ExtensibilityGlobals) = postSolution
		SolutionGuid = {E80797DF-6023-40B6-AA71-6DDA0D409EAE}
	EndGlobalSection
EndGlobal
